// !$*UTF8*$!
{
	archiveVersion = 1;
	classes = {
	};
	objectVersion = 46;
	objects = {

/* Begin PBXAggregateTarget section */
		1DDD17991B4E1CAA0030FD69 /* TestRunner */ = {
			isa = PBXAggregateTarget;
			buildConfigurationList = 1DDD179A1B4E1CAA0030FD69 /* Build configuration list for PBXAggregateTarget "TestRunner" */;
			buildPhases = (
			);
			dependencies = (
				1DDD17A01B4E20A00030FD69 /* PBXTargetDependency */,
			);
			name = TestRunner;
			productName = TestRunner;
		};
/* End PBXAggregateTarget section */

/* Begin PBXBuildFile section */
		1DDD17971B4E1AF50030FD69 /* PublicFunctions.cpp in Sources */ = {isa = PBXBuildFile; fileRef = 1DDD17951B4E1AF50030FD69 /* PublicFunctions.cpp */; };
		1DDD17981B4E1AF50030FD69 /* PublicFunctions.h in Headers */ = {isa = PBXBuildFile; fileRef = 1DDD17961B4E1AF50030FD69 /* PublicFunctions.h */; settings = {ATTRIBUTES = (Public, ); }; };
/* End PBXBuildFile section */

/* Begin PBXContainerItemProxy section */
		1DDD179F1B4E20A00030FD69 /* PBXContainerItemProxy */ = {
			isa = PBXContainerItemProxy;
			containerPortal = 1DDD177F1B4E1A210030FD69 /* Project object */;
			proxyType = 1;
			remoteGlobalIDString = 1DDD17861B4E1A210030FD69;
			remoteInfo = TestLibrary;
		};
/* End PBXContainerItemProxy section */

/* Begin PBXFileReference section */
		1DDD17871B4E1A210030FD69 /* libTestLibrary.a */ = {isa = PBXFileReference; explicitFileType = archive.ar; includeInIndex = 0; path = libTestLibrary.a; sourceTree = BUILT_PRODUCTS_DIR; };
		1DDD17951B4E1AF50030FD69 /* PublicFunctions.cpp */ = {isa = PBXFileReference; fileEncoding = 4; lastKnownFileType = sourcecode.cpp.cpp; path = PublicFunctions.cpp; sourceTree = "<group>"; };
		1DDD17961B4E1AF50030FD69 /* PublicFunctions.h */ = {isa = PBXFileReference; fileEncoding = 4; lastKnownFileType = sourcecode.c.h; path = PublicFunctions.h; sourceTree = "<group>"; };
		1DDD179E1B4E1EA80030FD69 /* PublicFunctionTests.cpp */ = {isa = PBXFileReference; fileEncoding = 4; lastKnownFileType = sourcecode.cpp.cpp; name = PublicFunctionTests.cpp; path = tests/PublicFunctionTests.cpp; sourceTree = "<group>"; };
/* End PBXFileReference section */

/* Begin PBXFrameworksBuildPhase section */
		1DDD17841B4E1A210030FD69 /* Frameworks */ = {
			isa = PBXFrameworksBuildPhase;
			buildActionMask = 2147483647;
			files = (
			);
			runOnlyForDeploymentPostprocessing = 0;
		};
/* End PBXFrameworksBuildPhase section */

/* Begin PBXGroup section */
		1DDD177E1B4E1A210030FD69 = {
			isa = PBXGroup;
			children = (
				1DDD179D1B4E1E860030FD69 /* Tests */,
				1DDD17891B4E1A210030FD69 /* TestLibrary */,
				1DDD17881B4E1A210030FD69 /* Products */,
			);
			sourceTree = "<group>";
		};
		1DDD17881B4E1A210030FD69 /* Products */ = {
			isa = PBXGroup;
			children = (
				1DDD17871B4E1A210030FD69 /* libTestLibrary.a */,
			);
			name = Products;
			sourceTree = "<group>";
		};
		1DDD17891B4E1A210030FD69 /* TestLibrary */ = {
			isa = PBXGroup;
			children = (
				1DDD17951B4E1AF50030FD69 /* PublicFunctions.cpp */,
				1DDD17961B4E1AF50030FD69 /* PublicFunctions.h */,
			);
			path = TestLibrary;
			sourceTree = "<group>";
		};
		1DDD179D1B4E1E860030FD69 /* Tests */ = {
			isa = PBXGroup;
			children = (
				1DDD179E1B4E1EA80030FD69 /* PublicFunctionTests.cpp */,
			);
			name = Tests;
			sourceTree = "<group>";
		};
/* End PBXGroup section */

/* Begin PBXHeadersBuildPhase section */
		1DDD17851B4E1A210030FD69 /* Headers */ = {
			isa = PBXHeadersBuildPhase;
			buildActionMask = 2147483647;
			files = (
				1DDD17981B4E1AF50030FD69 /* PublicFunctions.h in Headers */,
			);
			runOnlyForDeploymentPostprocessing = 0;
		};
/* End PBXHeadersBuildPhase section */

/* Begin PBXNativeTarget section */
		1DDD17861B4E1A210030FD69 /* TestLibrary */ = {
			isa = PBXNativeTarget;
			buildConfigurationList = 1DDD17921B4E1A210030FD69 /* Build configuration list for PBXNativeTarget "TestLibrary" */;
			buildPhases = (
				1DDD17831B4E1A210030FD69 /* Sources */,
				1DDD17841B4E1A210030FD69 /* Frameworks */,
				1DDD17851B4E1A210030FD69 /* Headers */,
			);
			buildRules = (
			);
			dependencies = (
			);
			name = TestLibrary;
			productName = TestLibrary;
			productReference = 1DDD17871B4E1A210030FD69 /* libTestLibrary.a */;
			productType = "com.apple.product-type.library.static";
		};
/* End PBXNativeTarget section */

/* Begin PBXProject section */
		1DDD177F1B4E1A210030FD69 /* Project object */ = {
			isa = PBXProject;
			attributes = {
				LastUpgradeCheck = 0640;
				ORGANIZATIONNAME = "From Concentrate Software";
				TargetAttributes = {
					1DDD17861B4E1A210030FD69 = {
						CreatedOnToolsVersion = 6.4;
					};
					1DDD17991B4E1CAA0030FD69 = {
						CreatedOnToolsVersion = 6.4;
					};
				};
			};
			buildConfigurationList = 1DDD17821B4E1A210030FD69 /* Build configuration list for PBXProject "TestLibrary" */;
			compatibilityVersion = "Xcode 3.2";
			developmentRegion = English;
			hasScannedForEncodings = 0;
			knownRegions = (
				en,
			);
			mainGroup = 1DDD177E1B4E1A210030FD69;
			productRefGroup = 1DDD17881B4E1A210030FD69 /* Products */;
			projectDirPath = "";
			projectRoot = "";
			targets = (
				1DDD17861B4E1A210030FD69 /* TestLibrary */,
				1DDD17991B4E1CAA0030FD69 /* TestRunner */,
			);
		};
/* End PBXProject section */

/* Begin PBXSourcesBuildPhase section */
		1DDD17831B4E1A210030FD69 /* Sources */ = {
			isa = PBXSourcesBuildPhase;
			buildActionMask = 2147483647;
			files = (
				1DDD17971B4E1AF50030FD69 /* PublicFunctions.cpp in Sources */,
			);
			runOnlyForDeploymentPostprocessing = 0;
		};
/* End PBXSourcesBuildPhase section */

/* Begin PBXTargetDependency section */
		1DDD17A01B4E20A00030FD69 /* PBXTargetDependency */ = {
			isa = PBXTargetDependency;
			target = 1DDD17861B4E1A210030FD69 /* TestLibrary */;
			targetProxy = 1DDD179F1B4E20A00030FD69 /* PBXContainerItemProxy */;
		};
/* End PBXTargetDependency section */

/* Begin XCBuildConfiguration section */
		1DDD17901B4E1A210030FD69 /* Debug */ = {
			isa = XCBuildConfiguration;
			buildSettings = {
				ALWAYS_SEARCH_USER_PATHS = NO;
				CLANG_CXX_LANGUAGE_STANDARD = "gnu++0x";
				CLANG_CXX_LIBRARY = "libc++";
				CLANG_ENABLE_MODULES = YES;
				CLANG_ENABLE_OBJC_ARC = YES;
				CLANG_WARN_BOOL_CONVERSION = YES;
				CLANG_WARN_CONSTANT_CONVERSION = YES;
				CLANG_WARN_DIRECT_OBJC_ISA_USAGE = YES_ERROR;
				CLANG_WARN_EMPTY_BODY = YES;
				CLANG_WARN_ENUM_CONVERSION = YES;
				CLANG_WARN_INT_CONVERSION = YES;
				CLANG_WARN_OBJC_ROOT_CLASS = YES_ERROR;
				CLANG_WARN_UNREACHABLE_CODE = YES;
				CLANG_WARN__DUPLICATE_METHOD_MATCH = YES;
				COPY_PHASE_STRIP = NO;
				DEBUG_INFORMATION_FORMAT = dwarf;
				ENABLE_STRICT_OBJC_MSGSEND = YES;
				GCC_C_LANGUAGE_STANDARD = gnu99;
				GCC_DYNAMIC_NO_PIC = NO;
				GCC_NO_COMMON_BLOCKS = YES;
				GCC_OPTIMIZATION_LEVEL = 0;
				GCC_PREPROCESSOR_DEFINITIONS = (
					"DEBUG=1",
					"$(inherited)",
				);
				GCC_SYMBOLS_PRIVATE_EXTERN = NO;
				GCC_WARN_64_TO_32_BIT_CONVERSION = YES;
				GCC_WARN_ABOUT_RETURN_TYPE = YES_ERROR;
				GCC_WARN_UNDECLARED_SELECTOR = YES;
				GCC_WARN_UNINITIALIZED_AUTOS = YES_AGGRESSIVE;
				GCC_WARN_UNUSED_FUNCTION = YES;
				GCC_WARN_UNUSED_VARIABLE = YES;
				MACOSX_DEPLOYMENT_TARGET = 10.10;
				MTL_ENABLE_DEBUG_INFO = YES;
				ONLY_ACTIVE_ARCH = YES;
				SDKROOT = macosx;
			};
			name = Debug;
		};
		1DDD17911B4E1A210030FD69 /* Release */ = {
			isa = XCBuildConfiguration;
			buildSettings = {
				ALWAYS_SEARCH_USER_PATHS = NO;
				CLANG_CXX_LANGUAGE_STANDARD = "gnu++0x";
				CLANG_CXX_LIBRARY = "libc++";
				CLANG_ENABLE_MODULES = YES;
				CLANG_ENABLE_OBJC_ARC = YES;
				CLANG_WARN_BOOL_CONVERSION = YES;
				CLANG_WARN_CONSTANT_CONVERSION = YES;
				CLANG_WARN_DIRECT_OBJC_ISA_USAGE = YES_ERROR;
				CLANG_WARN_EMPTY_BODY = YES;
				CLANG_WARN_ENUM_CONVERSION = YES;
				CLANG_WARN_INT_CONVERSION = YES;
				CLANG_WARN_OBJC_ROOT_CLASS = YES_ERROR;
				CLANG_WARN_UNREACHABLE_CODE = YES;
				CLANG_WARN__DUPLICATE_METHOD_MATCH = YES;
				COPY_PHASE_STRIP = NO;
				DEBUG_INFORMATION_FORMAT = "dwarf-with-dsym";
				ENABLE_NS_ASSERTIONS = NO;
				ENABLE_STRICT_OBJC_MSGSEND = YES;
				GCC_C_LANGUAGE_STANDARD = gnu99;
				GCC_NO_COMMON_BLOCKS = YES;
				GCC_WARN_64_TO_32_BIT_CONVERSION = YES;
				GCC_WARN_ABOUT_RETURN_TYPE = YES_ERROR;
				GCC_WARN_UNDECLARED_SELECTOR = YES;
				GCC_WARN_UNINITIALIZED_AUTOS = YES_AGGRESSIVE;
				GCC_WARN_UNUSED_FUNCTION = YES;
				GCC_WARN_UNUSED_VARIABLE = YES;
				MACOSX_DEPLOYMENT_TARGET = 10.10;
				MTL_ENABLE_DEBUG_INFO = NO;
				SDKROOT = macosx;
			};
			name = Release;
		};
		1DDD17931B4E1A210030FD69 /* Debug */ = {
			isa = XCBuildConfiguration;
			buildSettings = {
				EXECUTABLE_PREFIX = lib;
				GCC_ENABLE_CPP_EXCEPTIONS = YES;
				GCC_ENABLE_CPP_RTTI = YES;
				GCC_SYMBOLS_PRIVATE_EXTERN = NO;
				PRODUCT_NAME = "$(TARGET_NAME)";
			};
			name = Debug;
		};
		1DDD17941B4E1A210030FD69 /* Release */ = {
			isa = XCBuildConfiguration;
			buildSettings = {
				EXECUTABLE_PREFIX = lib;
				GCC_ENABLE_CPP_EXCEPTIONS = YES;
				GCC_ENABLE_CPP_RTTI = YES;
				GCC_SYMBOLS_PRIVATE_EXTERN = NO;
				PRODUCT_NAME = "$(TARGET_NAME)";
			};
			name = Release;
		};
		1DDD179B1B4E1CAA0030FD69 /* Debug */ = {
			isa = XCBuildConfiguration;
			buildSettings = {
				HEADER_SEARCH_PATHS = (
					"$(inherited)",
					/Applications/Xcode.app/Contents/Developer/Toolchains/XcodeDefault.xctoolchain/usr/include,
					"${BUILT_PRODUCTS_DIR}/usr/local/include",
				);
				OTHER_LDFLAGS = "-lTestLibrary";
				PRODUCT_NAME = "$(TARGET_NAME)";
			};
			name = Debug;
		};
		1DDD179C1B4E1CAA0030FD69 /* Release */ = {
			isa = XCBuildConfiguration;
			buildSettings = {
				HEADER_SEARCH_PATHS = (
					"$(inherited)",
					/Applications/Xcode.app/Contents/Developer/Toolchains/XcodeDefault.xctoolchain/usr/include,
					"${BUILT_PRODUCTS_DIR}/usr/local/include",
				);
				OTHER_LDFLAGS = "-lTestLibrary";
				PRODUCT_NAME = "$(TARGET_NAME)";
			};
			name = Release;
		};
/* End XCBuildConfiguration section */

/* Begin XCConfigurationList section */
		1DDD17821B4E1A210030FD69 /* Build configuration list for PBXProject "TestLibrary" */ = {
			isa = XCConfigurationList;
			buildConfigurations = (
				1DDD17901B4E1A210030FD69 /* Debug */,
				1DDD17911B4E1A210030FD69 /* Release */,
			);
			defaultConfigurationIsVisible = 0;
			defaultConfigurationName = Release;
		};
		1DDD17921B4E1A210030FD69 /* Build configuration list for PBXNativeTarget "TestLibrary" */ = {
			isa = XCConfigurationList;
			buildConfigurations = (
				1DDD17931B4E1A210030FD69 /* Debug */,
				1DDD17941B4E1A210030FD69 /* Release */,
			);
			defaultConfigurationIsVisible = 0;
			defaultConfigurationName = Release;
		};
		1DDD179A1B4E1CAA0030FD69 /* Build configuration list for PBXAggregateTarget "TestRunner" */ = {
			isa = XCConfigurationList;
			buildConfigurations = (
				1DDD179B1B4E1CAA0030FD69 /* Debug */,
				1DDD179C1B4E1CAA0030FD69 /* Release */,
			);
			defaultConfigurationIsVisible = 0;
		};
/* End XCConfigurationList section */
	};
	rootObject = 1DDD177F1B4E1A210030FD69 /* Project object */;
}
